PODS:
  - GreedCategory (0.0.1)
  - GreedSocialSDK (0.1.5):
    - GreedTencentOpenAPI
    - GreedWeChatSDK
    - WeiboSDK
  - GreedTencentOpenAPI (2.9.5):
    - GreedTencentOpenAPI/All (= 2.9.5)
  - GreedTencentOpenAPI/All (2.9.5)
  - GreedWeChatSDK (1.6.2)
  - WeiboSDK (3.1.3)

DEPENDENCIES:
  - GreedCategory (from `git@github.com:greedlab/GreedCategory.git`)
  - GreedSocialSDK (from `./`)

EXTERNAL SOURCES:
  GreedCategory:
    :git: git@github.com:greedlab/GreedCategory.git
  GreedSocialSDK:
    :path: ./

CHECKOUT OPTIONS:
  GreedCategory:
    :commit: 3a99acaabfe9c56e3b66612d69219da46d0a8fc7
    :git: git@github.com:greedlab/GreedCategory.git

SPEC CHECKSUMS:
  GreedCategory: e37bb458157e28acb56832d1beb1293ab7d00b42
  GreedSocialSDK: 74bdc2eb9d3f1f099b46c43535ad8c500d343354
  GreedTencentOpenAPI: 21bbbae7735aa5ee04e3e6099d9c486b9a23274c
  GreedWeChatSDK: cd816da0ededad4d14b426679476ed4f994a16fe
  WeiboSDK: acb067053668102cf07d01aa7604350162c2e466

COCOAPODS: 0.39.0
