PODS:
  - GreedCategory (0.0.5)
  - GreedSocialSDK (0.1.1):
    - GreedCategory
    - GreedTencentOpenAPI (= 2.9.5.1)
    - GreedWeChatSDK-iOS
    - WeiboSDK
  - GreedTencentOpenAPI (2.9.5.1):
    - GreedTencentOpenAPI/All (= 2.9.5.1)
  - GreedTencentOpenAPI/All (2.9.5.1)
  - GreedWeChatSDK-iOS (1.7.6)
  - WeiboSDK (3.1.3)

DEPENDENCIES:
  - GreedSocialSDK (from `./`)

EXTERNAL SOURCES:
  GreedSocialSDK:
    :path: "./"

SPEC CHECKSUMS:
  GreedCategory: a6f43d53035b373402ad040ef6889bb61fe8725e
  GreedSocialSDK: dbd3fcee028ce9dd0147e6cdc7b92f7e46baff51
  GreedTencentOpenAPI: b4bde92bc290578b828e2ae371ffab828b1764fa
  GreedWeChatSDK-iOS: 3c9cb5ae717e8002cebcbf8138b0749f2d456527
  WeiboSDK: acb067053668102cf07d01aa7604350162c2e466

PODFILE CHECKSUM: 192a485e1e25160dfa8f231164f357ff1affe893

COCOAPODS: 1.2.0
