// !$*UTF8*$!
{
	archiveVersion = 1;
	classes = {
	};
	objectVersion = 46;
	objects = {

/* Begin PBXBuildFile section */
		106B112A6EE5E5ED977E18B4 /* libPods-Example.a in Frameworks */ = {isa = PBXBuildFile; fileRef = 7E1764523E2EF7638BBEEAE8 /* libPods-Example.a */; };
		282396061C7B0E7D00E25DA7 /* main.m in Sources */ = {isa = PBXBuildFile; fileRef = 282396051C7B0E7D00E25DA7 /* main.m */; };
		282396091C7B0E7D00E25DA7 /* AppDelegate.m in Sources */ = {isa = PBXBuildFile; fileRef = 282396081C7B0E7D00E25DA7 /* AppDelegate.m */; };
		2823960C1C7B0E7D00E25DA7 /* ViewController.m in Sources */ = {isa = PBXBuildFile; fileRef = 2823960B1C7B0E7D00E25DA7 /* ViewController.m */; };
		2823960F1C7B0E7D00E25DA7 /* Main.storyboard in Resources */ = {isa = PBXBuildFile; fileRef = 2823960D1C7B0E7D00E25DA7 /* Main.storyboard */; };
		282396111C7B0E7D00E25DA7 /* Assets.xcassets in Resources */ = {isa = PBXBuildFile; fileRef = 282396101C7B0E7D00E25DA7 /* Assets.xcassets */; };
		282396141C7B0E7D00E25DA7 /* LaunchScreen.storyboard in Resources */ = {isa = PBXBuildFile; fileRef = 282396121C7B0E7D00E25DA7 /* LaunchScreen.storyboard */; };
		2823961F1C7B0E7D00E25DA7 /* ExampleTests.m in Sources */ = {isa = PBXBuildFile; fileRef = 2823961E1C7B0E7D00E25DA7 /* ExampleTests.m */; };
		B511817EDA080093729BDC79 /* libPods-ExampleTests.a in Frameworks */ = {isa = PBXBuildFile; fileRef = C170009B8198EB6701710E2A /* libPods-ExampleTests.a */; };
/* End PBXBuildFile section */

/* Begin PBXContainerItemProxy section */
		2823961B1C7B0E7D00E25DA7 /* PBXContainerItemProxy */ = {
			isa = PBXContainerItemProxy;
			containerPortal = 282395F91C7B0E7D00E25DA7 /* Project object */;
			proxyType = 1;
			remoteGlobalIDString = 282396001C7B0E7D00E25DA7;
			remoteInfo = Example;
		};
/* End PBXContainerItemProxy section */

/* Begin PBXFileReference section */
		0492504E1424B8560F8205E7 /* Pods-ExampleTests.debug.xcconfig */ = {isa = PBXFileReference; includeInIndex = 1; lastKnownFileType = text.xcconfig; name = "Pods-ExampleTests.debug.xcconfig"; path = "../Pods/Target Support Files/Pods-ExampleTests/Pods-ExampleTests.debug.xcconfig"; sourceTree = "<group>"; };
		282396011C7B0E7D00E25DA7 /* Example.app */ = {isa = PBXFileReference; explicitFileType = wrapper.application; includeInIndex = 0; path = Example.app; sourceTree = BUILT_PRODUCTS_DIR; };
		282396051C7B0E7D00E25DA7 /* main.m */ = {isa = PBXFileReference; lastKnownFileType = sourcecode.c.objc; path = main.m; sourceTree = "<group>"; };
		282396071C7B0E7D00E25DA7 /* AppDelegate.h */ = {isa = PBXFileReference; lastKnownFileType = sourcecode.c.h; path = AppDelegate.h; sourceTree = "<group>"; };
		282396081C7B0E7D00E25DA7 /* AppDelegate.m */ = {isa = PBXFileReference; lastKnownFileType = sourcecode.c.objc; path = AppDelegate.m; sourceTree = "<group>"; };
		2823960A1C7B0E7D00E25DA7 /* ViewController.h */ = {isa = PBXFileReference; lastKnownFileType = sourcecode.c.h; path = ViewController.h; sourceTree = "<group>"; };
		2823960B1C7B0E7D00E25DA7 /* ViewController.m */ = {isa = PBXFileReference; lastKnownFileType = sourcecode.c.objc; path = ViewController.m; sourceTree = "<group>"; };
		2823960E1C7B0E7D00E25DA7 /* Base */ = {isa = PBXFileReference; lastKnownFileType = file.storyboard; name = Base; path = Base.lproj/Main.storyboard; sourceTree = "<group>"; };
		282396101C7B0E7D00E25DA7 /* Assets.xcassets */ = {isa = PBXFileReference; lastKnownFileType = folder.assetcatalog; path = Assets.xcassets; sourceTree = "<group>"; };
		282396131C7B0E7D00E25DA7 /* Base */ = {isa = PBXFileReference; lastKnownFileType = file.storyboard; name = Base; path = Base.lproj/LaunchScreen.storyboard; sourceTree = "<group>"; };
		282396151C7B0E7D00E25DA7 /* Info.plist */ = {isa = PBXFileReference; lastKnownFileType = text.plist.xml; path = Info.plist; sourceTree = "<group>"; };
		2823961A1C7B0E7D00E25DA7 /* ExampleTests.xctest */ = {isa = PBXFileReference; explicitFileType = wrapper.cfbundle; includeInIndex = 0; path = ExampleTests.xctest; sourceTree = BUILT_PRODUCTS_DIR; };
		2823961E1C7B0E7D00E25DA7 /* ExampleTests.m */ = {isa = PBXFileReference; lastKnownFileType = sourcecode.c.objc; path = ExampleTests.m; sourceTree = "<group>"; };
		282396201C7B0E7D00E25DA7 /* Info.plist */ = {isa = PBXFileReference; lastKnownFileType = text.plist.xml; path = Info.plist; sourceTree = "<group>"; };
		28B3A67C1D52CC480081F103 /* GreedSocialSDK.podspec */ = {isa = PBXFileReference; fileEncoding = 4; lastKnownFileType = text; name = GreedSocialSDK.podspec; path = ../../GreedSocialSDK.podspec; sourceTree = "<group>"; };
		28B3A67E1D52D7580081F103 /* XcodeWarnings.xcconfig */ = {isa = PBXFileReference; fileEncoding = 4; lastKnownFileType = text.xcconfig; path = XcodeWarnings.xcconfig; sourceTree = "<group>"; };
		5EBFF26B83A76023426ECEA6 /* Pods-ExampleTests.release.xcconfig */ = {isa = PBXFileReference; includeInIndex = 1; lastKnownFileType = text.xcconfig; name = "Pods-ExampleTests.release.xcconfig"; path = "../Pods/Target Support Files/Pods-ExampleTests/Pods-ExampleTests.release.xcconfig"; sourceTree = "<group>"; };
		7E1764523E2EF7638BBEEAE8 /* libPods-Example.a */ = {isa = PBXFileReference; explicitFileType = archive.ar; includeInIndex = 0; path = "libPods-Example.a"; sourceTree = BUILT_PRODUCTS_DIR; };
		C170009B8198EB6701710E2A /* libPods-ExampleTests.a */ = {isa = PBXFileReference; explicitFileType = archive.ar; includeInIndex = 0; path = "libPods-ExampleTests.a"; sourceTree = BUILT_PRODUCTS_DIR; };
		DF59DF4D02EE26E73D95E788 /* Pods-Example.debug.xcconfig */ = {isa = PBXFileReference; includeInIndex = 1; lastKnownFileType = text.xcconfig; name = "Pods-Example.debug.xcconfig"; path = "../Pods/Target Support Files/Pods-Example/Pods-Example.debug.xcconfig"; sourceTree = "<group>"; };
		E43A750E70B52392AE9AC4FF /* Pods-Example.release.xcconfig */ = {isa = PBXFileReference; includeInIndex = 1; lastKnownFileType = text.xcconfig; name = "Pods-Example.release.xcconfig"; path = "../Pods/Target Support Files/Pods-Example/Pods-Example.release.xcconfig"; sourceTree = "<group>"; };
/* End PBXFileReference section */

/* Begin PBXFrameworksBuildPhase section */
		282395FE1C7B0E7D00E25DA7 /* Frameworks */ = {
			isa = PBXFrameworksBuildPhase;
			buildActionMask = 2147483647;
			files = (
				106B112A6EE5E5ED977E18B4 /* libPods-Example.a in Frameworks */,
			);
			runOnlyForDeploymentPostprocessing = 0;
		};
		282396171C7B0E7D00E25DA7 /* Frameworks */ = {
			isa = PBXFrameworksBuildPhase;
			buildActionMask = 2147483647;
			files = (
				B511817EDA080093729BDC79 /* libPods-ExampleTests.a in Frameworks */,
			);
			runOnlyForDeploymentPostprocessing = 0;
		};
/* End PBXFrameworksBuildPhase section */

/* Begin PBXGroup section */
		282395F81C7B0E7D00E25DA7 = {
			isa = PBXGroup;
			children = (
				282396031C7B0E7D00E25DA7 /* Example */,
				2823961D1C7B0E7D00E25DA7 /* ExampleTests */,
				282396021C7B0E7D00E25DA7 /* Products */,
				5AC9A0D1D2343DB510483C86 /* Pods */,
				87F9E4C26B589F925173C816 /* Frameworks */,
			);
			sourceTree = "<group>";
		};
		282396021C7B0E7D00E25DA7 /* Products */ = {
			isa = PBXGroup;
			children = (
				282396011C7B0E7D00E25DA7 /* Example.app */,
				2823961A1C7B0E7D00E25DA7 /* ExampleTests.xctest */,
			);
			name = Products;
			sourceTree = "<group>";
		};
		282396031C7B0E7D00E25DA7 /* Example */ = {
			isa = PBXGroup;
			children = (
				28B3A67E1D52D7580081F103 /* XcodeWarnings.xcconfig */,
				28B3A67C1D52CC480081F103 /* GreedSocialSDK.podspec */,
				282396071C7B0E7D00E25DA7 /* AppDelegate.h */,
				282396081C7B0E7D00E25DA7 /* AppDelegate.m */,
				2823960A1C7B0E7D00E25DA7 /* ViewController.h */,
				2823960B1C7B0E7D00E25DA7 /* ViewController.m */,
				2823960D1C7B0E7D00E25DA7 /* Main.storyboard */,
				282396101C7B0E7D00E25DA7 /* Assets.xcassets */,
				282396121C7B0E7D00E25DA7 /* LaunchScreen.storyboard */,
				282396151C7B0E7D00E25DA7 /* Info.plist */,
				282396041C7B0E7D00E25DA7 /* Supporting Files */,
			);
			path = Example;
			sourceTree = "<group>";
		};
		282396041C7B0E7D00E25DA7 /* Supporting Files */ = {
			isa = PBXGroup;
			children = (
				282396051C7B0E7D00E25DA7 /* main.m */,
			);
			name = "Supporting Files";
			sourceTree = "<group>";
		};
		2823961D1C7B0E7D00E25DA7 /* ExampleTests */ = {
			isa = PBXGroup;
			children = (
				2823961E1C7B0E7D00E25DA7 /* ExampleTests.m */,
				282396201C7B0E7D00E25DA7 /* Info.plist */,
			);
			path = ExampleTests;
			sourceTree = "<group>";
		};
		5AC9A0D1D2343DB510483C86 /* Pods */ = {
			isa = PBXGroup;
			children = (
				DF59DF4D02EE26E73D95E788 /* Pods-Example.debug.xcconfig */,
				E43A750E70B52392AE9AC4FF /* Pods-Example.release.xcconfig */,
				0492504E1424B8560F8205E7 /* Pods-ExampleTests.debug.xcconfig */,
				5EBFF26B83A76023426ECEA6 /* Pods-ExampleTests.release.xcconfig */,
			);
			name = Pods;
			sourceTree = "<group>";
		};
		87F9E4C26B589F925173C816 /* Frameworks */ = {
			isa = PBXGroup;
			children = (
				7E1764523E2EF7638BBEEAE8 /* libPods-Example.a */,
				C170009B8198EB6701710E2A /* libPods-ExampleTests.a */,
			);
			name = Frameworks;
			sourceTree = "<group>";
		};
/* End PBXGroup section */

/* Begin PBXNativeTarget section */
		282396001C7B0E7D00E25DA7 /* Example */ = {
			isa = PBXNativeTarget;
			buildConfigurationList = 282396231C7B0E7D00E25DA7 /* Build configuration list for PBXNativeTarget "Example" */;
			buildPhases = (
				3D749516876C0A8D1AB262EC /* [CP] Check Pods Manifest.lock */,
				282395FD1C7B0E7D00E25DA7 /* Sources */,
				282395FE1C7B0E7D00E25DA7 /* Frameworks */,
				282395FF1C7B0E7D00E25DA7 /* Resources */,
				CDC9BAD0DBD8CDA2344ECE6C /* [CP] Embed Pods Frameworks */,
				7E49B198A2C716F54EA8D7F2 /* [CP] Copy Pods Resources */,
			);
			buildRules = (
			);
			dependencies = (
			);
			name = Example;
			productName = Example;
			productReference = 282396011C7B0E7D00E25DA7 /* Example.app */;
			productType = "com.apple.product-type.application";
		};
		282396191C7B0E7D00E25DA7 /* ExampleTests */ = {
			isa = PBXNativeTarget;
			buildConfigurationList = 282396261C7B0E7D00E25DA7 /* Build configuration list for PBXNativeTarget "ExampleTests" */;
			buildPhases = (
				C03CF168A683A499E19C77D4 /* [CP] Check Pods Manifest.lock */,
				282396161C7B0E7D00E25DA7 /* Sources */,
				282396171C7B0E7D00E25DA7 /* Frameworks */,
				282396181C7B0E7D00E25DA7 /* Resources */,
				BDF15E472D4F4602140E390D /* [CP] Embed Pods Frameworks */,
				82E67314E7C1FB6C8B074453 /* [CP] Copy Pods Resources */,
			);
			buildRules = (
			);
			dependencies = (
				2823961C1C7B0E7D00E25DA7 /* PBXTargetDependency */,
			);
			name = ExampleTests;
			productName = ExampleTests;
			productReference = 2823961A1C7B0E7D00E25DA7 /* ExampleTests.xctest */;
			productType = "com.apple.product-type.bundle.unit-test";
		};
/* End PBXNativeTarget section */

/* Begin PBXProject section */
		282395F91C7B0E7D00E25DA7 /* Project object */ = {
			isa = PBXProject;
			attributes = {
				CLASSPREFIX = GR;
				LastUpgradeCheck = 0720;
				ORGANIZATIONNAME = GreedLab;
				TargetAttributes = {
					282396001C7B0E7D00E25DA7 = {
						CreatedOnToolsVersion = 7.2.1;
					};
					282396191C7B0E7D00E25DA7 = {
						CreatedOnToolsVersion = 7.2.1;
						TestTargetID = 282396001C7B0E7D00E25DA7;
					};
				};
			};
			buildConfigurationList = 282395FC1C7B0E7D00E25DA7 /* Build configuration list for PBXProject "Example" */;
			compatibilityVersion = "Xcode 3.2";
			developmentRegion = English;
			hasScannedForEncodings = 0;
			knownRegions = (
				en,
				Base,
			);
			mainGroup = 282395F81C7B0E7D00E25DA7;
			productRefGroup = 282396021C7B0E7D00E25DA7 /* Products */;
			projectDirPath = "";
			projectRoot = "";
			targets = (
				282396001C7B0E7D00E25DA7 /* Example */,
				282396191C7B0E7D00E25DA7 /* ExampleTests */,
			);
		};
/* End PBXProject section */

/* Begin PBXResourcesBuildPhase section */
		282395FF1C7B0E7D00E25DA7 /* Resources */ = {
			isa = PBXResourcesBuildPhase;
			buildActionMask = 2147483647;
			files = (
				282396141C7B0E7D00E25DA7 /* LaunchScreen.storyboard in Resources */,
				282396111C7B0E7D00E25DA7 /* Assets.xcassets in Resources */,
				2823960F1C7B0E7D00E25DA7 /* Main.storyboard in Resources */,
			);
			runOnlyForDeploymentPostprocessing = 0;
		};
		282396181C7B0E7D00E25DA7 /* Resources */ = {
			isa = PBXResourcesBuildPhase;
			buildActionMask = 2147483647;
			files = (
			);
			runOnlyForDeploymentPostprocessing = 0;
		};
/* End PBXResourcesBuildPhase section */

/* Begin PBXShellScriptBuildPhase section */
		3D749516876C0A8D1AB262EC /* [CP] Check Pods Manifest.lock */ = {
			isa = PBXShellScriptBuildPhase;
			buildActionMask = 2147483647;
			files = (
			);
			inputPaths = (
			);
			name = "[CP] Check Pods Manifest.lock";
			outputPaths = (
			);
			runOnlyForDeploymentPostprocessing = 0;
			shellPath = /bin/sh;
			shellScript = "diff \"${PODS_ROOT}/../Podfile.lock\" \"${PODS_ROOT}/Manifest.lock\" > /dev/null\nif [[ $? != 0 ]] ; then\n    cat << EOM\nerror: The sandbox is not in sync with the Podfile.lock. Run 'pod install' or update your CocoaPods installation.\nEOM\n    exit 1\nfi\n";
			showEnvVarsInLog = 0;
		};
		7E49B198A2C716F54EA8D7F2 /* [CP] Copy Pods Resources */ = {
			isa = PBXShellScriptBuildPhase;
			buildActionMask = 2147483647;
			files = (
			);
			inputPaths = (
			);
			name = "[CP] Copy Pods Resources";
			outputPaths = (
			);
			runOnlyForDeploymentPostprocessing = 0;
			shellPath = /bin/sh;
			shellScript = "\"${SRCROOT}/../Pods/Target Support Files/Pods-Example/Pods-Example-resources.sh\"\n";
			showEnvVarsInLog = 0;
		};
		82E67314E7C1FB6C8B074453 /* [CP] Copy Pods Resources */ = {
			isa = PBXShellScriptBuildPhase;
			buildActionMask = 2147483647;
			files = (
			);
			inputPaths = (
			);
			name = "[CP] Copy Pods Resources";
			outputPaths = (
			);
			runOnlyForDeploymentPostprocessing = 0;
			shellPath = /bin/sh;
			shellScript = "\"${SRCROOT}/../Pods/Target Support Files/Pods-ExampleTests/Pods-ExampleTests-resources.sh\"\n";
			showEnvVarsInLog = 0;
		};
		BDF15E472D4F4602140E390D /* [CP] Embed Pods Frameworks */ = {
			isa = PBXShellScriptBuildPhase;
			buildActionMask = 2147483647;
			files = (
			);
			inputPaths = (
			);
			name = "[CP] Embed Pods Frameworks";
			outputPaths = (
			);
			runOnlyForDeploymentPostprocessing = 0;
			shellPath = /bin/sh;
			shellScript = "\"${SRCROOT}/../Pods/Target Support Files/Pods-ExampleTests/Pods-ExampleTests-frameworks.sh\"\n";
			showEnvVarsInLog = 0;
		};
		C03CF168A683A499E19C77D4 /* [CP] Check Pods Manifest.lock */ = {
			isa = PBXShellScriptBuildPhase;
			buildActionMask = 2147483647;
			files = (
			);
			inputPaths = (
			);
			name = "[CP] Check Pods Manifest.lock";
			outputPaths = (
			);
			runOnlyForDeploymentPostprocessing = 0;
			shellPath = /bin/sh;
			shellScript = "diff \"${PODS_ROOT}/../Podfile.lock\" \"${PODS_ROOT}/Manifest.lock\" > /dev/null\nif [[ $? != 0 ]] ; then\n    cat << EOM\nerror: The sandbox is not in sync with the Podfile.lock. Run 'pod install' or update your CocoaPods installation.\nEOM\n    exit 1\nfi\n";
			showEnvVarsInLog = 0;
		};
		CDC9BAD0DBD8CDA2344ECE6C /* [CP] Embed Pods Frameworks */ = {
			isa = PBXShellScriptBuildPhase;
			buildActionMask = 2147483647;
			files = (
			);
			inputPaths = (
			);
			name = "[CP] Embed Pods Frameworks";
			outputPaths = (
			);
			runOnlyForDeploymentPostprocessing = 0;
			shellPath = /bin/sh;
			shellScript = "\"${SRCROOT}/../Pods/Target Support Files/Pods-Example/Pods-Example-frameworks.sh\"\n";
			showEnvVarsInLog = 0;
		};
/* End PBXShellScriptBuildPhase section */

/* Begin PBXSourcesBuildPhase section */
		282395FD1C7B0E7D00E25DA7 /* Sources */ = {
			isa = PBXSourcesBuildPhase;
			buildActionMask = 2147483647;
			files = (
				2823960C1C7B0E7D00E25DA7 /* ViewController.m in Sources */,
				282396091C7B0E7D00E25DA7 /* AppDelegate.m in Sources */,
				282396061C7B0E7D00E25DA7 /* main.m in Sources */,
			);
			runOnlyForDeploymentPostprocessing = 0;
		};
		282396161C7B0E7D00E25DA7 /* Sources */ = {
			isa = PBXSourcesBuildPhase;
			buildActionMask = 2147483647;
			files = (
				2823961F1C7B0E7D00E25DA7 /* ExampleTests.m in Sources */,
			);
			runOnlyForDeploymentPostprocessing = 0;
		};
/* End PBXSourcesBuildPhase section */

/* Begin PBXTargetDependency section */
		2823961C1C7B0E7D00E25DA7 /* PBXTargetDependency */ = {
			isa = PBXTargetDependency;
			target = 282396001C7B0E7D00E25DA7 /* Example */;
			targetProxy = 2823961B1C7B0E7D00E25DA7 /* PBXContainerItemProxy */;
		};
/* End PBXTargetDependency section */

/* Begin PBXVariantGroup section */
		2823960D1C7B0E7D00E25DA7 /* Main.storyboard */ = {
			isa = PBXVariantGroup;
			children = (
				2823960E1C7B0E7D00E25DA7 /* Base */,
			);
			name = Main.storyboard;
			sourceTree = "<group>";
		};
		282396121C7B0E7D00E25DA7 /* LaunchScreen.storyboard */ = {
			isa = PBXVariantGroup;
			children = (
				282396131C7B0E7D00E25DA7 /* Base */,
			);
			name = LaunchScreen.storyboard;
			sourceTree = "<group>";
		};
/* End PBXVariantGroup section */

/* Begin XCBuildConfiguration section */
		282396211C7B0E7D00E25DA7 /* Debug */ = {
			isa = XCBuildConfiguration;
			baseConfigurationReference = 28B3A67E1D52D7580081F103 /* XcodeWarnings.xcconfig */;
			buildSettings = {
				ALWAYS_SEARCH_USER_PATHS = NO;
				CLANG_CXX_LANGUAGE_STANDARD = "gnu++0x";
				CLANG_CXX_LIBRARY = "libc++";
				CLANG_ENABLE_MODULES = YES;
				CLANG_ENABLE_OBJC_ARC = YES;
				CLANG_WARN_BOOL_CONVERSION = YES;
				CLANG_WARN_CONSTANT_CONVERSION = YES;
				CLANG_WARN_DIRECT_OBJC_ISA_USAGE = YES_ERROR;
				CLANG_WARN_EMPTY_BODY = YES;
				CLANG_WARN_ENUM_CONVERSION = YES;
				CLANG_WARN_INT_CONVERSION = YES;
				CLANG_WARN_OBJC_ROOT_CLASS = YES_ERROR;
				CLANG_WARN_UNREACHABLE_CODE = YES;
				CLANG_WARN__DUPLICATE_METHOD_MATCH = YES;
				"CODE_SIGN_IDENTITY[sdk=iphoneos*]" = "iPhone Developer";
				COPY_PHASE_STRIP = NO;
				DEBUG_INFORMATION_FORMAT = dwarf;
				ENABLE_STRICT_OBJC_MSGSEND = YES;
				ENABLE_TESTABILITY = YES;
				GCC_C_LANGUAGE_STANDARD = gnu99;
				GCC_DYNAMIC_NO_PIC = NO;
				GCC_NO_COMMON_BLOCKS = YES;
				GCC_OPTIMIZATION_LEVEL = 0;
				GCC_PREPROCESSOR_DEFINITIONS = (
					"DEBUG=1",
					"$(inherited)",
				);
				GCC_WARN_64_TO_32_BIT_CONVERSION = YES;
				GCC_WARN_ABOUT_RETURN_TYPE = YES_ERROR;
				GCC_WARN_UNDECLARED_SELECTOR = YES;
				GCC_WARN_UNINITIALIZED_AUTOS = YES_AGGRESSIVE;
				GCC_WARN_UNUSED_FUNCTION = YES;
				GCC_WARN_UNUSED_VARIABLE = YES;
				IPHONEOS_DEPLOYMENT_TARGET = 9.2;
				MTL_ENABLE_DEBUG_INFO = YES;
				ONLY_ACTIVE_ARCH = YES;
				SDKROOT = iphoneos;
				TARGETED_DEVICE_FAMILY = "1,2";
			};
			name = Debug;
		};
		282396221C7B0E7D00E25DA7 /* Release */ = {
			isa = XCBuildConfiguration;
			buildSettings = {
				ALWAYS_SEARCH_USER_PATHS = NO;
				CLANG_CXX_LANGUAGE_STANDARD = "gnu++0x";
				CLANG_CXX_LIBRARY = "libc++";
				CLANG_ENABLE_MODULES = YES;
				CLANG_ENABLE_OBJC_ARC = YES;
				CLANG_WARN_BOOL_CONVERSION = YES;
				CLANG_WARN_CONSTANT_CONVERSION = YES;
				CLANG_WARN_DIRECT_OBJC_ISA_USAGE = YES_ERROR;
				CLANG_WARN_EMPTY_BODY = YES;
				CLANG_WARN_ENUM_CONVERSION = YES;
				CLANG_WARN_INT_CONVERSION = YES;
				CLANG_WARN_OBJC_ROOT_CLASS = YES_ERROR;
				CLANG_WARN_UNREACHABLE_CODE = YES;
				CLANG_WARN__DUPLICATE_METHOD_MATCH = YES;
				"CODE_SIGN_IDENTITY[sdk=iphoneos*]" = "iPhone Developer";
				COPY_PHASE_STRIP = NO;
				DEBUG_INFORMATION_FORMAT = "dwarf-with-dsym";
				ENABLE_NS_ASSERTIONS = NO;
				ENABLE_STRICT_OBJC_MSGSEND = YES;
				GCC_C_LANGUAGE_STANDARD = gnu99;
				GCC_NO_COMMON_BLOCKS = YES;
				GCC_WARN_64_TO_32_BIT_CONVERSION = YES;
				GCC_WARN_ABOUT_RETURN_TYPE = YES_ERROR;
				GCC_WARN_UNDECLARED_SELECTOR = YES;
				GCC_WARN_UNINITIALIZED_AUTOS = YES_AGGRESSIVE;
				GCC_WARN_UNUSED_FUNCTION = YES;
				GCC_WARN_UNUSED_VARIABLE = YES;
				IPHONEOS_DEPLOYMENT_TARGET = 9.2;
				MTL_ENABLE_DEBUG_INFO = NO;
				SDKROOT = iphoneos;
				TARGETED_DEVICE_FAMILY = "1,2";
				VALIDATE_PRODUCT = YES;
			};
			name = Release;
		};
		282396241C7B0E7D00E25DA7 /* Debug */ = {
			isa = XCBuildConfiguration;
			baseConfigurationReference = DF59DF4D02EE26E73D95E788 /* Pods-Example.debug.xcconfig */;
			buildSettings = {
				ASSETCATALOG_COMPILER_APPICON_NAME = AppIcon;
				INFOPLIST_FILE = Example/Info.plist;
				LD_RUNPATH_SEARCH_PATHS = "$(inherited) @executable_path/Frameworks";
				PRODUCT_BUNDLE_IDENTIFIER = com.greedlab.Example;
				PRODUCT_NAME = "$(TARGET_NAME)";
			};
			name = Debug;
		};
		282396251C7B0E7D00E25DA7 /* Release */ = {
			isa = XCBuildConfiguration;
			baseConfigurationReference = E43A750E70B52392AE9AC4FF /* Pods-Example.release.xcconfig */;
			buildSettings = {
				ASSETCATALOG_COMPILER_APPICON_NAME = AppIcon;
				INFOPLIST_FILE = Example/Info.plist;
				LD_RUNPATH_SEARCH_PATHS = "$(inherited) @executable_path/Frameworks";
				PRODUCT_BUNDLE_IDENTIFIER = com.greedlab.Example;
				PRODUCT_NAME = "$(TARGET_NAME)";
			};
			name = Release;
		};
		282396271C7B0E7D00E25DA7 /* Debug */ = {
			isa = XCBuildConfiguration;
			baseConfigurationReference = 0492504E1424B8560F8205E7 /* Pods-ExampleTests.debug.xcconfig */;
			buildSettings = {
				BUNDLE_LOADER = "$(TEST_HOST)";
				INFOPLIST_FILE = ExampleTests/Info.plist;
				LD_RUNPATH_SEARCH_PATHS = "$(inherited) @executable_path/Frameworks @loader_path/Frameworks";
				PRODUCT_BUNDLE_IDENTIFIER = com.greedlab.ExampleTests;
				PRODUCT_NAME = "$(TARGET_NAME)";
				TEST_HOST = "$(BUILT_PRODUCTS_DIR)/Example.app/Example";
			};
			name = Debug;
		};
		282396281C7B0E7D00E25DA7 /* Release */ = {
			isa = XCBuildConfiguration;
			baseConfigurationReference = 5EBFF26B83A76023426ECEA6 /* Pods-ExampleTests.release.xcconfig */;
			buildSettings = {
				BUNDLE_LOADER = "$(TEST_HOST)";
				INFOPLIST_FILE = ExampleTests/Info.plist;
				LD_RUNPATH_SEARCH_PATHS = "$(inherited) @executable_path/Frameworks @loader_path/Frameworks";
				PRODUCT_BUNDLE_IDENTIFIER = com.greedlab.ExampleTests;
				PRODUCT_NAME = "$(TARGET_NAME)";
				TEST_HOST = "$(BUILT_PRODUCTS_DIR)/Example.app/Example";
			};
			name = Release;
		};
/* End XCBuildConfiguration section */

/* Begin XCConfigurationList section */
		282395FC1C7B0E7D00E25DA7 /* Build configuration list for PBXProject "Example" */ = {
			isa = XCConfigurationList;
			buildConfigurations = (
				282396211C7B0E7D00E25DA7 /* Debug */,
				282396221C7B0E7D00E25DA7 /* Release */,
			);
			defaultConfigurationIsVisible = 0;
			defaultConfigurationName = Release;
		};
		282396231C7B0E7D00E25DA7 /* Build configuration list for PBXNativeTarget "Example" */ = {
			isa = XCConfigurationList;
			buildConfigurations = (
				282396241C7B0E7D00E25DA7 /* Debug */,
				282396251C7B0E7D00E25DA7 /* Release */,
			);
			defaultConfigurationIsVisible = 0;
			defaultConfigurationName = Release;
		};
		282396261C7B0E7D00E25DA7 /* Build configuration list for PBXNativeTarget "ExampleTests" */ = {
			isa = XCConfigurationList;
			buildConfigurations = (
				282396271C7B0E7D00E25DA7 /* Debug */,
				282396281C7B0E7D00E25DA7 /* Release */,
			);
			defaultConfigurationIsVisible = 0;
			defaultConfigurationName = Release;
		};
/* End XCConfigurationList section */
	};
	rootObject = 282395F91C7B0E7D00E25DA7 /* Project object */;
}
